// !$*UTF8*$!
{
    archiveVersion = 1;
    classes = {
    };
    objectVersion = 56;
    objects = {

/* Begin PBXBuildFile section */
        11111111111111111111111A /* MIDIScaleDetectorApp.swift in Sources */ = {isa = PBXBuildFile; fileRef = 11111111111111111111111B /* MIDIScaleDetectorApp.swift */; };
        11111111111111111111111C /* ContentView.swift in Sources */ = {isa = PBXBuildFile; fileRef = 11111111111111111111111D /* ContentView.swift */; };
        11111111111111111111111E /* Assets.xcassets in Resources */ = {isa = PBXBuildFile; fileRef = 11111111111111111111111F /* Assets.xcassets */; };
/* End PBXBuildFile section */

/* Begin PBXFileReference section */
        11111111111111111111111B /* MIDIScaleDetectorApp.swift */ = {isa = PBXFileReference; lastKnownFileType = sourcecode.swift; path = MIDIScaleDetectorApp.swift; sourceTree = "<group>"; };
        11111111111111111111111D /* ContentView.swift */ = {isa = PBXFileReference; lastKnownFileType = sourcecode.swift; path = ContentView.swift; sourceTree = "<group>"; };
        11111111111111111111111F /* Assets.xcassets */ = {isa = PBXFileReference; lastKnownFileType = folder.assetcatalog; path = Assets.xcassets; sourceTree = "<group>"; };
        111111111111111111111120 /* MIDI Scale Detector.app */ = {isa = PBXFileReference; explicitFileType = wrapper.application; includeInIndex = 0; path = "MIDI Scale Detector.app"; sourceTree = BUILT_PRODUCTS_DIR; };
        111111111111111111111121 /* MIDIScaleDetector.entitlements */ = {isa = PBXFileReference; lastKnownFileType = text.plist.entitlements; path = MIDIScaleDetector.entitlements; sourceTree = "<group>"; };
/* End PBXFileReference section */

/* Begin PBXFrameworksBuildPhase section */
        111111111111111111111122 /* Frameworks */ = {
            isa = PBXFrameworksBuildPhase;
            buildActionMask = 2147483647;
            files = (
            );
            runOnlyForDeploymentPostprocessing = 0;
        };
/* End PBXFrameworksBuildPhase section */

/* Begin PBXGroup section */
        111111111111111111111123 = {
            isa = PBXGroup;
            children = (
                111111111111111111111124 /* MIDIScaleDetector */,
                111111111111111111111125 /* Products */,
            );
            sourceTree = "<group>";
        };
        111111111111111111111124 /* MIDIScaleDetector */ = {
            isa = PBXGroup;
            children = (
                11111111111111111111111B /* MIDIScaleDetectorApp.swift */,
                111111111111111111111126 /* UI */,
                111111111111111111111127 /* Resources */,
                111111111111111111111121 /* MIDIScaleDetector.entitlements */,
            );
            path = MIDIScaleDetector;
            sourceTree = "<group>";
        };
        111111111111111111111125 /* Products */ = {
            isa = PBXGroup;
            children = (
                111111111111111111111120 /* MIDI Scale Detector.app */,
            );
            name = Products;
            sourceTree = "<group>";
        };
        111111111111111111111126 /* UI */ = {
            isa = PBXGroup;
            children = (
                11111111111111111111111D /* ContentView.swift */,
            );
            path = UI;
            sourceTree = "<group>";
        };
        111111111111111111111127 /* Resources */ = {
            isa = PBXGroup;
            children = (
                11111111111111111111111F /* Assets.xcassets */,
            );
            path = Resources;
            sourceTree = "<group>";
        };
/* End PBXGroup section */

/* Begin PBXNativeTarget section */
        111111111111111111111128 /* MIDI Scale Detector */ = {
            isa = PBXNativeTarget;
            buildConfigurationList = 111111111111111111111129 /* Build configuration list for PBXNativeTarget "MIDI Scale Detector" */;
            buildPhases = (
                11111111111111111111112A /* Sources */,
                111111111111111111111122 /* Frameworks */,
                11111111111111111111112B /* Resources */,
            );
            buildRules = (
            );
            dependencies = (
            );
            name = "MIDI Scale Detector";
            productName = MIDIScaleDetector;
            productReference = 111111111111111111111120 /* MIDI Scale Detector.app */;
            productType = "com.apple.product-type.application";
        };
/* End PBXNativeTarget section */

/* Begin PBXProject section */
        11111111111111111111112C /* Project object */ = {
            isa = PBXProject;
            attributes = {
                BuildIndependentTargetsInParallel = 1;
                LastSwiftUpdateCheck = 1500;
                LastUpgradeCheck = 1500;
                TargetAttributes = {
                    111111111111111111111128 = {
                        CreatedOnToolsVersion = 15.0;
                    };
                };
            };
            buildConfigurationList = 11111111111111111111112D /* Build configuration list for PBXProject "MIDIScaleDetector" */;
            compatibilityVersion = "Xcode 14.0";
            developmentRegion = en;
            hasScannedForEncodings = 0;
            knownRegions = (
                en,
                Base,
            );
            mainGroup = 111111111111111111111123;
            productRefGroup = 111111111111111111111125 /* Products */;
            projectDirPath = "";
            projectRoot = "";
            targets = (
                111111111111111111111128 /* MIDI Scale Detector */,
            );
        };
/* End PBXProject section */

/* Begin PBXResourcesBuildPhase section */
        11111111111111111111112B /* Resources */ = {
            isa = PBXResourcesBuildPhase;
            buildActionMask = 2147483647;
            files = (
                11111111111111111111111E /* Assets.xcassets in Resources */,
            );
            runOnlyForDeploymentPostprocessing = 0;
        };
/* End PBXResourcesBuildPhase section */

/* Begin PBXSourcesBuildPhase section */
        11111111111111111111112A /* Sources */ = {
            isa = PBXSourcesBuildPhase;
            buildActionMask = 2147483647;
            files = (
                11111111111111111111111A /* MIDIScaleDetectorApp.swift in Sources */,
                11111111111111111111111C /* ContentView.swift in Sources */,
            );
            runOnlyForDeploymentPostprocessing = 0;
        };
/* End PBXSourcesBuildPhase section */

/* Begin XCBuildConfiguration section */
        11111111111111111111112E /* Debug */ = {
            isa = XCBuildConfiguration;
            buildSettings = {
                ALWAYS_SEARCH_USER_PATHS = NO;
                ASSETCATALOG_COMPILER_GENERATE_SWIFT_ASSET_SYMBOL_EXTENSIONS = YES;
                CLANG_ANALYZER_NONNULL = YES;
                CLANG_ANALYZER_NUMBER_OBJECT_CONVERSION = YES_AGGRESSIVE;
                CLANG_CXX_LANGUAGE_STANDARD = "gnu++20";
                CLANG_ENABLE_MODULES = YES;
                CLANG_ENABLE_OBJC_ARC = YES;
                CLANG_ENABLE_OBJC_WEAK = YES;
                CLANG_WARN_BLOCK_CAPTURE_AUTORELEASING = YES;
                CLANG_WARN_BOOL_CONVERSION = YES;
                CLANG_WARN_COMMA = YES;
                CLANG_WARN_CONSTANT_CONVERSION = YES;
                CLANG_WARN_DEPRECATED_OBJC_IMPLEMENTATIONS = YES;
                CLANG_WARN_DIRECT_OBJC_ISA_USAGE = YES_ERROR;
                CLANG_WARN_DOCUMENTATION_COMMENTS = YES;
                CLANG_WARN_EMPTY_BODY = YES;
                CLANG_WARN_ENUM_CONVERSION = YES;
                CLANG_WARN_INFINITE_RECURSION = YES;
                CLANG_WARN_INT_CONVERSION = YES;
                CLANG_WARN_NON_LITERAL_NULL_CONVERSION = YES;
                CLANG_WARN_OBJC_IMPLICIT_RETAIN_SELF = YES;
                CLANG_WARN_OBJC_LITERAL_CONVERSION = YES;
                CLANG_WARN_OBJC_ROOT_CLASS = YES_ERROR;
                CLANG_WARN_QUOTED_INCLUDE_IN_FRAMEWORK_HEADER = YES;
                CLANG_WARN_RANGE_LOOP_ANALYSIS = YES;
                CLANG_WARN_STRICT_PROTOTYPES = YES;
                CLANG_WARN_SUSPICIOUS_MOVE = YES;
                CLANG_WARN_UNGUARDED_AVAILABILITY = YES_AGGRESSIVE;
                CLANG_WARN_UNREACHABLE_CODE = YES;
                CLANG_WARN__DUPLICATE_METHOD_MATCH = YES;
                COPY_PHASE_STRIP = NO;
                DEBUG_INFORMATION_FORMAT = dwarf;
                ENABLE_STRICT_OBJC_MSGSEND = YES;
                ENABLE_TESTABILITY = YES;
                GCC_C_LANGUAGE_STANDARD = gnu17;
                GCC_DYNAMIC_NO_PIC = NO;
                GCC_NO_COMMON_BLOCKS = YES;
                GCC_OPTIMIZATION_LEVEL = 0;
                GCC_PREPROCESSOR_DEFINITIONS = (
                    "DEBUG=1",
                    "$(inherited)",
                );
                GCC_WARN_64_TO_32_BIT_CONVERSION = YES;
                GCC_WARN_ABOUT_RETURN_TYPE = YES_ERROR;
                GCC_WARN_UNDECLARED_SELECTOR = YES;
                GCC_WARN_UNINITIALIZED_AUTOS = YES_AGGRESSIVE;
                GCC_WARN_UNUSED_FUNCTION = YES;
                GCC_WARN_UNUSED_VARIABLE = YES;
                LOCALIZATION_PREFERS_STRING_CATALOGS = YES;
                MACOSX_DEPLOYMENT_TARGET = 13.0;
                MTL_ENABLE_DEBUG_INFO = INCLUDE_SOURCE;
                MTL_FAST_MATH = YES;
                ONLY_ACTIVE_ARCH = YES;
                SDKROOT = macosx;
                SWIFT_ACTIVE_COMPILATION_CONDITIONS = "DEBUG $(inherited)";
                SWIFT_OPTIMIZATION_LEVEL = "-Onone";
            };
            name = Debug;
        };
        11111111111111111111112F /* Release */ = {
            isa = XCBuildConfiguration;
            buildSettings = {
                ALWAYS_SEARCH_USER_PATHS = NO;
                ASSETCATALOG_COMPILER_GENERATE_SWIFT_ASSET_SYMBOL_EXTENSIONS = YES;
                CLANG_ANALYZER_NONNULL = YES;
                CLANG_ANALYZER_NUMBER_OBJECT_CONVERSION = YES_AGGRESSIVE;
                CLANG_CXX_LANGUAGE_STANDARD = "gnu++20";
                CLANG_ENABLE_MODULES = YES;
                CLANG_ENABLE_OBJC_ARC = YES;
                CLANG_ENABLE_OBJC_WEAK = YES;
                CLANG_WARN_BLOCK_CAPTURE_AUTORELEASING = YES;
                CLANG_WARN_BOOL_CONVERSION = YES;
                CLANG_WARN_COMMA = YES;
                CLANG_WARN_CONSTANT_CONVERSION = YES;
                CLANG_WARN_DEPRECATED_OBJC_IMPLEMENTATIONS = YES;
                CLANG_WARN_DIRECT_OBJC_ISA_USAGE = YES_ERROR;
                CLANG_WARN_DOCUMENTATION_COMMENTS = YES;
                CLANG_WARN_EMPTY_BODY = YES;
                CLANG_WARN_ENUM_CONVERSION = YES;
                CLANG_WARN_INFINITE_RECURSION = YES;
                CLANG_WARN_INT_CONVERSION = YES;
                CLANG_WARN_NON_LITERAL_NULL_CONVERSION = YES;
                CLANG_WARN_OBJC_IMPLICIT_RETAIN_SELF = YES;
                CLANG_WARN_OBJC_LITERAL_CONVERSION = YES;
                CLANG_WARN_OBJC_ROOT_CLASS = YES_ERROR;
                CLANG_WARN_QUOTED_INCLUDE_IN_FRAMEWORK_HEADER = YES;
                CLANG_WARN_RANGE_LOOP_ANALYSIS = YES;
                CLANG_WARN_STRICT_PROTOTYPES = YES;
                CLANG_WARN_SUSPICIOUS_MOVE = YES;
                CLANG_WARN_UNGUARDED_AVAILABILITY = YES_AGGRESSIVE;
                CLANG_WARN_UNREACHABLE_CODE = YES;
                CLANG_WARN__DUPLICATE_METHOD_MATCH = YES;
                COPY_PHASE_STRIP = NO;
                DEBUG_INFORMATION_FORMAT = "dwarf-with-dsym";
                ENABLE_NS_ASSERTIONS = NO;
                ENABLE_STRICT_OBJC_MSGSEND = YES;
                GCC_C_LANGUAGE_STANDARD = gnu17;
                GCC_NO_COMMON_BLOCKS = YES;
                GCC_WARN_64_TO_32_BIT_CONVERSION = YES;
                GCC_WARN_ABOUT_RETURN_TYPE = YES_ERROR;
                GCC_WARN_UNDECLARED_SELECTOR = YES;
                GCC_WARN_UNINITIALIZED_AUTOS = YES_AGGRESSIVE;
                GCC_WARN_UNUSED_FUNCTION = YES;
                GCC_WARN_UNUSED_VARIABLE = YES;
                LOCALIZATION_PREFERS_STRING_CATALOGS = YES;
                MACOSX_DEPLOYMENT_TARGET = 13.0;
                MTL_ENABLE_DEBUG_INFO = NO;
                MTL_FAST_MATH = YES;
                SDKROOT = macosx;
                SWIFT_COMPILATION_MODE = wholemodule;
            };
            name = Release;
        };
        111111111111111111111130 /* Debug */ = {
            isa = XCBuildConfiguration;
            buildSettings = {
                ASSETCATALOG_COMPILER_APPICON_NAME = AppIcon;
                ASSETCATALOG_COMPILER_GLOBAL_ACCENT_COLOR_NAME = AccentColor;
                CODE_SIGN_ENTITLEMENTS = MIDIScaleDetector.entitlements;
                CODE_SIGN_STYLE = Automatic;
                COMBINE_HIDPI_IMAGES = YES;
                CURRENT_PROJECT_VERSION = 1;
                DEVELOPMENT_ASSET_PATHS = "";
                DEVELOPMENT_TEAM = "";
                ENABLE_HARDENED_RUNTIME = YES;
                ENABLE_PREVIEWS = YES;
                GENERATE_INFOPLIST_FILE = YES;
                INFOPLIST_KEY_CFBundleDisplayName = "MIDI Scale Detector";
                INFOPLIST_KEY_LSApplicationCategoryType = "public.app-category.music";
                INFOPLIST_KEY_NSHumanReadableCopyright = "";
                LD_RUNPATH_SEARCH_PATHS = (
                    "$(inherited)",
                    "@executable_path/../Frameworks",
                );
                MARKETING_VERSION = 1.0;
                PRODUCT_BUNDLE_IDENTIFIER = com.midiscaledetector.app;
                PRODUCT_NAME = "MIDI Scale Detector";
                SWIFT_EMIT_LOC_STRINGS = YES;
                SWIFT_VERSION = 5.0;
            };
            name = Debug;
        };
        111111111111111111111131 /* Release */ = {
            isa = XCBuildConfiguration;
            buildSettings = {
                ASSETCATALOG_COMPILER_APPICON_NAME = AppIcon;
                ASSETCATALOG_COMPILER_GLOBAL_ACCENT_COLOR_NAME = AccentColor;
                CODE_SIGN_ENTITLEMENTS = MIDIScaleDetector.entitlements;
                CODE_SIGN_STYLE = Automatic;
                COMBINE_HIDPI_IMAGES = YES;
                CURRENT_PROJECT_VERSION = 1;
                DEVELOPMENT_ASSET_PATHS = "";
                DEVELOPMENT_TEAM = "";
                ENABLE_HARDENED_RUNTIME = YES;
                ENABLE_PREVIEWS = YES;
                GENERATE_INFOPLIST_FILE = YES;
                INFOPLIST_KEY_CFBundleDisplayName = "MIDI Scale Detector";
                INFOPLIST_KEY_LSApplicationCategoryType = "public.app-category.music";
                INFOPLIST_KEY_NSHumanReadableCopyright = "";
                LD_RUNPATH_SEARCH_PATHS = (
                    "$(inherited)",
                    "@executable_path/../Frameworks",
                );
                MARKETING_VERSION = 1.0;
                PRODUCT_BUNDLE_IDENTIFIER = com.midiscaledetector.app;
                PRODUCT_NAME = "MIDI Scale Detector";
                SWIFT_EMIT_LOC_STRINGS = YES;
                SWIFT_VERSION = 5.0;
            };
            name = Release;
        };
/* End XCBuildConfiguration section */

/* Begin XCConfigurationList section */
        11111111111111111111112D /* Build configuration list for PBXProject "MIDIScaleDetector" */ = {
            isa = XCConfigurationList;
            buildConfigurations = (
                11111111111111111111112E /* Debug */,
                11111111111111111111112F /* Release */,
            );
            defaultConfigurationIsVisible = 0;
            defaultConfigurationName = Release;
        };
        111111111111111111111129 /* Build configuration list for PBXNativeTarget "MIDI Scale Detector" */ = {
            isa = XCConfigurationList;
            buildConfigurations = (
                111111111111111111111130 /* Debug */,
                111111111111111111111131 /* Release */,
            );
            defaultConfigurationIsVisible = 0;
            defaultConfigurationName = Release;
        };
/* End XCConfigurationList section */
    };
    rootObject = 11111111111111111111112C /* Project object */;
}
